{
  "name": "MotorServiceApp",
  "lockfileVersion": 2,
  "requires": true,
  "packages": {
    "": {
      "dependencies": {
        "ci": "^2.1.1"
      }
    },
    "node_modules/ci": {
      "version": "2.1.1",
      "resolved": "https://registry.npmjs.org/ci/-/ci-2.1.1.tgz",
      "integrity": "sha512-StBCU1G9zbhgVBqvslvOpT601zme9YfyZaUSjgXCtfnIynPuDBHX85WwnXv5cnh74bYo8S3xfPpI41yk1jZmRw==",
      "bin": {
        "ci": "ci.js"
      },
      "funding": {
        "url": "https://github.com/privatenumber/ci?sponsor=1"
      }
    }
  },
  "dependencies": {
    "ci": {
      "version": "2.1.1",
      "resolved": "https://registry.npmjs.org/ci/-/ci-2.1.1.tgz",
      "integrity": "sha512-StBCU1G9zbhgVBqvslvOpT601zme9YfyZaUSjgXCtfnIynPuDBHX85WwnXv5cnh74bYo8S3xfPpI41yk1jZmRw=="
    }
  }
}
